
Microsoft Visual Studio Solution File, Format Version 12.00
# Visual Studio Version 16
VisualStudioVersion = 16.0.29025.244
MinimumVisualStudioVersion = 10.0.40219.1
Project("{9A19103F-16F7-4668-BE54-9A1E7A4F7556}") = "MealPlanner.Web.Api", "MealPlanner.Web.Api\MealPlanner.Web.Api.csproj", "{9C161613-09DA-470D-A678-06189AA88712}"
EndProject
Project("{2150E333-8FDC-42A3-9474-1A3956D46DE8}") = "DataAccess", "DataAccess", "{3E6AA369-5371-4EAE-A5D0-D2082B00EA7F}"
EndProject
Project("{9A19103F-16F7-4668-BE54-9A1E7A4F7556}") = "MealPlanner.Database.Entity", "MealPlanner.Database.Entity\MealPlanner.Database.Entity.csproj", "{13DA741D-9180-46A1-B686-8710A53E5107}"
EndProject
Project("{9A19103F-16F7-4668-BE54-9A1E7A4F7556}") = "MealPlanner.Database.Context", "MealPlanner.Database.Context\MealPlanner.Database.Context.csproj", "{DAC74A2F-3F99-4177-8423-68E40F11D416}"
EndProject
Project("{9A19103F-16F7-4668-BE54-9A1E7A4F7556}") = "MealPlanner.Utilities", "MealPlanner.Utilities\MealPlanner.Utilities.csproj", "{2E1B22C1-8C72-49B3-942B-359831B423CC}"
EndProject
Project("{9A19103F-16F7-4668-BE54-9A1E7A4F7556}") = "MealPlanner.Database.Migrations", "MealPlanner.Database.Migrations\MealPlanner.Database.Migrations.csproj", "{01024F9C-204E-4437-B370-6A9E5FDAB950}"
EndProject
Project("{9A19103F-16F7-4668-BE54-9A1E7A4F7556}") = "MealPlanner.DataAccess.Repository", "MealPlanner.DataAccess.Repository\MealPlanner.DataAccess.Repository.csproj", "{A4D4E597-2EA5-4759-842A-D0F5F6322E58}"
EndProject
Project("{9A19103F-16F7-4668-BE54-9A1E7A4F7556}") = "MealPlanner.DataAccess.Repository.Tests", "MealPlanner.DataAccess.Repository.Tests\MealPlanner.DataAccess.Repository.Tests.csproj", "{EA5AC19C-8440-4130-8593-54670BDA43E0}"
EndProject
Project("{2150E333-8FDC-42A3-9474-1A3956D46DE8}") = "Tests", "Tests", "{A3F4551E-85DB-4C6B-AB13-22217382EE1D}"
EndProject
Project("{2150E333-8FDC-42A3-9474-1A3956D46DE8}") = "WebApplication", "WebApplication", "{9102A373-AC58-4547-8052-215E3465F423}"
EndProject
Project("{2150E333-8FDC-42A3-9474-1A3956D46DE8}") = "BusinessLayer", "BusinessLayer", "{8C10EE61-B017-4690-B459-9AAFB3C9D011}"
EndProject
Project("{9A19103F-16F7-4668-BE54-9A1E7A4F7556}") = "MealPlanner.Business.Component", "MealPlanner.Business.Component\MealPlanner.Business.Component.csproj", "{949BD511-D5EC-4602-88C5-18DD3198D6E0}"
EndProject
Project("{2150E333-8FDC-42A3-9474-1A3956D46DE8}") = "Libraries", "Libraries", "{3E352E52-3074-4120-8E6F-805D46386573}"
EndProject
Project("{9A19103F-16F7-4668-BE54-9A1E7A4F7556}") = "MealPlanner.Mapper.Test", "MealPlanner.Mapper.Test\MealPlanner.Mapper.Test.csproj", "{80367F4F-20F5-435F-A61B-EE2F2C35EF7F}"
EndProject
Project("{9A19103F-16F7-4668-BE54-9A1E7A4F7556}") = "MealPlanner.Business.Component.Test", "MealPlanner.Business.Component.Test\MealPlanner.Business.Component.Test.csproj", "{6C976C85-C4F6-4A00-868A-2CDC5C94595B}"
EndProject
Project("{9A19103F-16F7-4668-BE54-9A1E7A4F7556}") = "MealPlanner.Mappings", "MealPlanner.Mappings\MealPlanner.Mappings.csproj", "{6FA92BD0-566B-42A9-A907-FC7B76C588C6}"
EndProject
Project("{9A19103F-16F7-4668-BE54-9A1E7A4F7556}") = "MealPlanner.Web.Model", "MealPlanner.Web.Model\MealPlanner.Web.Model.csproj", "{B16C5EAB-EE20-4D1E-8207-44D34E786C7C}"
EndProject
Project("{9A19103F-16F7-4668-BE54-9A1E7A4F7556}") = "MealPlanner.Web.Mappings", "MealPlanner.Web.Mappings\MealPlanner.Web.Mappings.csproj", "{77301542-148D-4E13-B971-206320839718}"
EndProject
Project("{9A19103F-16F7-4668-BE54-9A1E7A4F7556}") = "Utilities.Mapper", "Utilities.Mapper\Utilities.Mapper.csproj", "{54AF9E8E-46E6-4EB3-AF73-D70E40969DCD}"
EndProject
Project("{9A19103F-16F7-4668-BE54-9A1E7A4F7556}") = "MealPlanner.Business.Domain", "MealPlanner.Business.Domain\MealPlanner.Business.Domain.csproj", "{1FF5D2B0-20C1-49FB-9D51-9052885CE827}"
EndProject
Project("{9A19103F-16F7-4668-BE54-9A1E7A4F7556}") = "MealPlanner.Web.Mappings.Test", "MealPlanner.Web.Mappings.Test\MealPlanner.Web.Mappings.Test.csproj", "{26097A8A-E301-49D8-BC41-CCA3B7D5A9B1}"
EndProject
Project("{9A19103F-16F7-4668-BE54-9A1E7A4F7556}") = "MealPlanner.Web.Api.Test", "MealPlanner.Web.Api.Test\MealPlanner.Web.Api.Test.csproj", "{D818916D-C22A-48F8-837B-94B2A1AEAB26}"
EndProject
Project("{9A19103F-16F7-4668-BE54-9A1E7A4F7556}") = "MealPlanner.Test.Utilities", "MealPlanner.Test.Utilities\MealPlanner.Test.Utilities.csproj", "{E801211F-DC8D-4DE2-A8AA-DA445F111501}"
EndProject
Project("{9A19103F-16F7-4668-BE54-9A1E7A4F7556}") = "Utilities.Logging", "Utilities.Logging\Utilities.Logging.csproj", "{80FC8F05-0313-41E9-9EC8-E1C22C359606}"
EndProject
Project("{FAE04EC0-301F-11D3-BF4B-00C04F79EFBC}") = "MealPlanner.Web.Validation", "MealPlanner.Web.Validation\MealPlanner.Web.Validation.csproj", "{DD6FD037-0895-443B-AD55-63DB65ABB20F}"
EndProject
Global
	GlobalSection(SolutionConfigurationPlatforms) = preSolution
		Debug|Any CPU = Debug|Any CPU
		Release|Any CPU = Release|Any CPU
	EndGlobalSection
	GlobalSection(ProjectConfigurationPlatforms) = postSolution
		{9C161613-09DA-470D-A678-06189AA88712}.Debug|Any CPU.ActiveCfg = Debug|Any CPU
		{9C161613-09DA-470D-A678-06189AA88712}.Debug|Any CPU.Build.0 = Debug|Any CPU
		{9C161613-09DA-470D-A678-06189AA88712}.Release|Any CPU.ActiveCfg = Release|Any CPU
		{9C161613-09DA-470D-A678-06189AA88712}.Release|Any CPU.Build.0 = Release|Any CPU
		{13DA741D-9180-46A1-B686-8710A53E5107}.Debug|Any CPU.ActiveCfg = Debug|Any CPU
		{13DA741D-9180-46A1-B686-8710A53E5107}.Debug|Any CPU.Build.0 = Debug|Any CPU
		{13DA741D-9180-46A1-B686-8710A53E5107}.Release|Any CPU.ActiveCfg = Release|Any CPU
		{13DA741D-9180-46A1-B686-8710A53E5107}.Release|Any CPU.Build.0 = Release|Any CPU
		{DAC74A2F-3F99-4177-8423-68E40F11D416}.Debug|Any CPU.ActiveCfg = Debug|Any CPU
		{DAC74A2F-3F99-4177-8423-68E40F11D416}.Debug|Any CPU.Build.0 = Debug|Any CPU
		{DAC74A2F-3F99-4177-8423-68E40F11D416}.Release|Any CPU.ActiveCfg = Release|Any CPU
		{DAC74A2F-3F99-4177-8423-68E40F11D416}.Release|Any CPU.Build.0 = Release|Any CPU
		{2E1B22C1-8C72-49B3-942B-359831B423CC}.Debug|Any CPU.ActiveCfg = Debug|Any CPU
		{2E1B22C1-8C72-49B3-942B-359831B423CC}.Debug|Any CPU.Build.0 = Debug|Any CPU
		{2E1B22C1-8C72-49B3-942B-359831B423CC}.Release|Any CPU.ActiveCfg = Release|Any CPU
		{2E1B22C1-8C72-49B3-942B-359831B423CC}.Release|Any CPU.Build.0 = Release|Any CPU
		{01024F9C-204E-4437-B370-6A9E5FDAB950}.Debug|Any CPU.ActiveCfg = Debug|Any CPU
		{01024F9C-204E-4437-B370-6A9E5FDAB950}.Debug|Any CPU.Build.0 = Debug|Any CPU
		{01024F9C-204E-4437-B370-6A9E5FDAB950}.Release|Any CPU.ActiveCfg = Release|Any CPU
		{01024F9C-204E-4437-B370-6A9E5FDAB950}.Release|Any CPU.Build.0 = Release|Any CPU
		{A4D4E597-2EA5-4759-842A-D0F5F6322E58}.Debug|Any CPU.ActiveCfg = Debug|Any CPU
		{A4D4E597-2EA5-4759-842A-D0F5F6322E58}.Debug|Any CPU.Build.0 = Debug|Any CPU
		{A4D4E597-2EA5-4759-842A-D0F5F6322E58}.Release|Any CPU.ActiveCfg = Release|Any CPU
		{A4D4E597-2EA5-4759-842A-D0F5F6322E58}.Release|Any CPU.Build.0 = Release|Any CPU
		{EA5AC19C-8440-4130-8593-54670BDA43E0}.Debug|Any CPU.ActiveCfg = Debug|Any CPU
		{EA5AC19C-8440-4130-8593-54670BDA43E0}.Debug|Any CPU.Build.0 = Debug|Any CPU
		{EA5AC19C-8440-4130-8593-54670BDA43E0}.Release|Any CPU.ActiveCfg = Release|Any CPU
		{EA5AC19C-8440-4130-8593-54670BDA43E0}.Release|Any CPU.Build.0 = Release|Any CPU
		{949BD511-D5EC-4602-88C5-18DD3198D6E0}.Debug|Any CPU.ActiveCfg = Debug|Any CPU
		{949BD511-D5EC-4602-88C5-18DD3198D6E0}.Debug|Any CPU.Build.0 = Debug|Any CPU
		{949BD511-D5EC-4602-88C5-18DD3198D6E0}.Release|Any CPU.ActiveCfg = Release|Any CPU
		{949BD511-D5EC-4602-88C5-18DD3198D6E0}.Release|Any CPU.Build.0 = Release|Any CPU
		{80367F4F-20F5-435F-A61B-EE2F2C35EF7F}.Debug|Any CPU.ActiveCfg = Debug|Any CPU
		{80367F4F-20F5-435F-A61B-EE2F2C35EF7F}.Debug|Any CPU.Build.0 = Debug|Any CPU
		{80367F4F-20F5-435F-A61B-EE2F2C35EF7F}.Release|Any CPU.ActiveCfg = Release|Any CPU
		{80367F4F-20F5-435F-A61B-EE2F2C35EF7F}.Release|Any CPU.Build.0 = Release|Any CPU
		{6C976C85-C4F6-4A00-868A-2CDC5C94595B}.Debug|Any CPU.ActiveCfg = Debug|Any CPU
		{6C976C85-C4F6-4A00-868A-2CDC5C94595B}.Debug|Any CPU.Build.0 = Debug|Any CPU
		{6C976C85-C4F6-4A00-868A-2CDC5C94595B}.Release|Any CPU.ActiveCfg = Release|Any CPU
		{6C976C85-C4F6-4A00-868A-2CDC5C94595B}.Release|Any CPU.Build.0 = Release|Any CPU
		{6FA92BD0-566B-42A9-A907-FC7B76C588C6}.Debug|Any CPU.ActiveCfg = Debug|Any CPU
		{6FA92BD0-566B-42A9-A907-FC7B76C588C6}.Debug|Any CPU.Build.0 = Debug|Any CPU
		{6FA92BD0-566B-42A9-A907-FC7B76C588C6}.Release|Any CPU.ActiveCfg = Release|Any CPU
		{6FA92BD0-566B-42A9-A907-FC7B76C588C6}.Release|Any CPU.Build.0 = Release|Any CPU
		{B16C5EAB-EE20-4D1E-8207-44D34E786C7C}.Debug|Any CPU.ActiveCfg = Debug|Any CPU
		{B16C5EAB-EE20-4D1E-8207-44D34E786C7C}.Debug|Any CPU.Build.0 = Debug|Any CPU
		{B16C5EAB-EE20-4D1E-8207-44D34E786C7C}.Release|Any CPU.ActiveCfg = Release|Any CPU
		{B16C5EAB-EE20-4D1E-8207-44D34E786C7C}.Release|Any CPU.Build.0 = Release|Any CPU
		{77301542-148D-4E13-B971-206320839718}.Debug|Any CPU.ActiveCfg = Debug|Any CPU
		{77301542-148D-4E13-B971-206320839718}.Debug|Any CPU.Build.0 = Debug|Any CPU
		{77301542-148D-4E13-B971-206320839718}.Release|Any CPU.ActiveCfg = Release|Any CPU
		{77301542-148D-4E13-B971-206320839718}.Release|Any CPU.Build.0 = Release|Any CPU
		{54AF9E8E-46E6-4EB3-AF73-D70E40969DCD}.Debug|Any CPU.ActiveCfg = Debug|Any CPU
		{54AF9E8E-46E6-4EB3-AF73-D70E40969DCD}.Debug|Any CPU.Build.0 = Debug|Any CPU
		{54AF9E8E-46E6-4EB3-AF73-D70E40969DCD}.Release|Any CPU.ActiveCfg = Release|Any CPU
		{54AF9E8E-46E6-4EB3-AF73-D70E40969DCD}.Release|Any CPU.Build.0 = Release|Any CPU
		{1FF5D2B0-20C1-49FB-9D51-9052885CE827}.Debug|Any CPU.ActiveCfg = Debug|Any CPU
		{1FF5D2B0-20C1-49FB-9D51-9052885CE827}.Debug|Any CPU.Build.0 = Debug|Any CPU
		{1FF5D2B0-20C1-49FB-9D51-9052885CE827}.Release|Any CPU.ActiveCfg = Release|Any CPU
		{1FF5D2B0-20C1-49FB-9D51-9052885CE827}.Release|Any CPU.Build.0 = Release|Any CPU
		{26097A8A-E301-49D8-BC41-CCA3B7D5A9B1}.Debug|Any CPU.ActiveCfg = Debug|Any CPU
		{26097A8A-E301-49D8-BC41-CCA3B7D5A9B1}.Debug|Any CPU.Build.0 = Debug|Any CPU
		{26097A8A-E301-49D8-BC41-CCA3B7D5A9B1}.Release|Any CPU.ActiveCfg = Release|Any CPU
		{26097A8A-E301-49D8-BC41-CCA3B7D5A9B1}.Release|Any CPU.Build.0 = Release|Any CPU
		{D818916D-C22A-48F8-837B-94B2A1AEAB26}.Debug|Any CPU.ActiveCfg = Debug|Any CPU
		{D818916D-C22A-48F8-837B-94B2A1AEAB26}.Debug|Any CPU.Build.0 = Debug|Any CPU
		{D818916D-C22A-48F8-837B-94B2A1AEAB26}.Release|Any CPU.ActiveCfg = Release|Any CPU
		{D818916D-C22A-48F8-837B-94B2A1AEAB26}.Release|Any CPU.Build.0 = Release|Any CPU
		{E801211F-DC8D-4DE2-A8AA-DA445F111501}.Debug|Any CPU.ActiveCfg = Debug|Any CPU
		{E801211F-DC8D-4DE2-A8AA-DA445F111501}.Debug|Any CPU.Build.0 = Debug|Any CPU
		{E801211F-DC8D-4DE2-A8AA-DA445F111501}.Release|Any CPU.ActiveCfg = Release|Any CPU
		{E801211F-DC8D-4DE2-A8AA-DA445F111501}.Release|Any CPU.Build.0 = Release|Any CPU
		{80FC8F05-0313-41E9-9EC8-E1C22C359606}.Debug|Any CPU.ActiveCfg = Debug|Any CPU
		{80FC8F05-0313-41E9-9EC8-E1C22C359606}.Debug|Any CPU.Build.0 = Debug|Any CPU
		{80FC8F05-0313-41E9-9EC8-E1C22C359606}.Release|Any CPU.ActiveCfg = Release|Any CPU
		{80FC8F05-0313-41E9-9EC8-E1C22C359606}.Release|Any CPU.Build.0 = Release|Any CPU
		{DD6FD037-0895-443B-AD55-63DB65ABB20F}.Debug|Any CPU.ActiveCfg = Debug|Any CPU
		{DD6FD037-0895-443B-AD55-63DB65ABB20F}.Debug|Any CPU.Build.0 = Debug|Any CPU
		{DD6FD037-0895-443B-AD55-63DB65ABB20F}.Release|Any CPU.ActiveCfg = Release|Any CPU
		{DD6FD037-0895-443B-AD55-63DB65ABB20F}.Release|Any CPU.Build.0 = Release|Any CPU
	EndGlobalSection
	GlobalSection(SolutionProperties) = preSolution
		HideSolutionNode = FALSE
	EndGlobalSection
	GlobalSection(NestedProjects) = preSolution
		{9C161613-09DA-470D-A678-06189AA88712} = {9102A373-AC58-4547-8052-215E3465F423}
		{13DA741D-9180-46A1-B686-8710A53E5107} = {3E6AA369-5371-4EAE-A5D0-D2082B00EA7F}
		{DAC74A2F-3F99-4177-8423-68E40F11D416} = {3E6AA369-5371-4EAE-A5D0-D2082B00EA7F}
		{2E1B22C1-8C72-49B3-942B-359831B423CC} = {3E352E52-3074-4120-8E6F-805D46386573}
		{01024F9C-204E-4437-B370-6A9E5FDAB950} = {3E6AA369-5371-4EAE-A5D0-D2082B00EA7F}
		{A4D4E597-2EA5-4759-842A-D0F5F6322E58} = {3E6AA369-5371-4EAE-A5D0-D2082B00EA7F}
		{EA5AC19C-8440-4130-8593-54670BDA43E0} = {A3F4551E-85DB-4C6B-AB13-22217382EE1D}
		{949BD511-D5EC-4602-88C5-18DD3198D6E0} = {8C10EE61-B017-4690-B459-9AAFB3C9D011}
		{80367F4F-20F5-435F-A61B-EE2F2C35EF7F} = {A3F4551E-85DB-4C6B-AB13-22217382EE1D}
		{6C976C85-C4F6-4A00-868A-2CDC5C94595B} = {A3F4551E-85DB-4C6B-AB13-22217382EE1D}
		{6FA92BD0-566B-42A9-A907-FC7B76C588C6} = {8C10EE61-B017-4690-B459-9AAFB3C9D011}
		{B16C5EAB-EE20-4D1E-8207-44D34E786C7C} = {9102A373-AC58-4547-8052-215E3465F423}
		{77301542-148D-4E13-B971-206320839718} = {9102A373-AC58-4547-8052-215E3465F423}
		{54AF9E8E-46E6-4EB3-AF73-D70E40969DCD} = {3E352E52-3074-4120-8E6F-805D46386573}
		{1FF5D2B0-20C1-49FB-9D51-9052885CE827} = {8C10EE61-B017-4690-B459-9AAFB3C9D011}
		{26097A8A-E301-49D8-BC41-CCA3B7D5A9B1} = {A3F4551E-85DB-4C6B-AB13-22217382EE1D}
		{D818916D-C22A-48F8-837B-94B2A1AEAB26} = {A3F4551E-85DB-4C6B-AB13-22217382EE1D}
		{E801211F-DC8D-4DE2-A8AA-DA445F111501} = {A3F4551E-85DB-4C6B-AB13-22217382EE1D}
		{80FC8F05-0313-41E9-9EC8-E1C22C359606} = {3E352E52-3074-4120-8E6F-805D46386573}
		{DD6FD037-0895-443B-AD55-63DB65ABB20F} = {9102A373-AC58-4547-8052-215E3465F423}
	EndGlobalSection
	GlobalSection(ExtensibilityGlobals) = postSolution
		SolutionGuid = {E76642F3-2517-4797-B2C5-9D30E02383D2}
	EndGlobalSection
EndGlobal
